
Microsoft Visual Studio Solution File, Format Version 12.00
# Visual Studio 15
VisualStudioVersion = 15.0.28010.2046
MinimumVisualStudioVersion = 10.0.40219.1
Project("{9A19103F-16F7-4668-BE54-9A1E7A4F7556}") = "chineseDuck.pinyin4net", "src\bot\chineseDuck.pinyin4net\chineseDuck.pinyin4net.csproj", "{4E481BAD-B0B5-4271-A403-DA1EB6A9AD73}"
EndProject
Project("{9A19103F-16F7-4668-BE54-9A1E7A4F7556}") = "chineseDuck.pinyin4net.UnitTests", "src\bot\chineseDuck.pinyin4net.tests\chineseDuck.pinyin4net.UnitTests.csproj", "{3D076870-85B2-4431-A29E-5C17557D3AC2}"
EndProject
Project("{9A19103F-16F7-4668-BE54-9A1E7A4F7556}") = "chineseDuck.Bot", "src\bot\chineseDuck.Bot\chineseDuck.Bot.csproj", "{FB01F0AD-2777-4A87-A289-C266CA549964}"
EndProject
Project("{9A19103F-16F7-4668-BE54-9A1E7A4F7556}") = "chineseDuck.Common", "src\bot\chineseDuck.Common\chineseDuck.Common.csproj", "{8024C386-833B-4A48-A67E-DD7D32A574AD}"
EndProject
Project("{9A19103F-16F7-4668-BE54-9A1E7A4F7556}") = "chineseDuck.BotService", "src\bot\chineseDuck.BotService\chineseDuck.BotService.csproj", "{97B8FF48-847B-4D97-809B-6D34CBE41929}"
EndProject
Project("{9A19103F-16F7-4668-BE54-9A1E7A4F7556}") = "chineseDuck.Import", "src\bot\chineseDuck.Import\chineseDuck.Import.csproj", "{36F3322E-6746-4790-BA64-62F240ECE177}"
EndProject
Project("{9A19103F-16F7-4668-BE54-9A1E7A4F7556}") = "chineseDuck.Bot.Tests", "src\bot\chineseDuck.Bot.Tests\chineseDuck.Bot.Tests.csproj", "{EE81616C-14FD-44D4-AA20-EA9C4772AF13}"
EndProject
Project("{FAE04EC0-301F-11D3-BF4B-00C04F79EFBC}") = "chineseDuck.Bot.UnitTests", "src\bot\chineseDuck.Bot.UnitTests\chineseDuck.Bot.UnitTests.csproj", "{8E4811EE-C2A8-4AF9-9663-7492133797CD}"
EndProject
Global
	GlobalSection(SolutionConfigurationPlatforms) = preSolution
		Debug|Any CPU = Debug|Any CPU
		Release|Any CPU = Release|Any CPU
	EndGlobalSection
	GlobalSection(ProjectConfigurationPlatforms) = postSolution
		{4E481BAD-B0B5-4271-A403-DA1EB6A9AD73}.Debug|Any CPU.ActiveCfg = Debug|Any CPU
		{4E481BAD-B0B5-4271-A403-DA1EB6A9AD73}.Debug|Any CPU.Build.0 = Debug|Any CPU
		{4E481BAD-B0B5-4271-A403-DA1EB6A9AD73}.Release|Any CPU.ActiveCfg = Release|Any CPU
		{4E481BAD-B0B5-4271-A403-DA1EB6A9AD73}.Release|Any CPU.Build.0 = Release|Any CPU
		{3D076870-85B2-4431-A29E-5C17557D3AC2}.Debug|Any CPU.ActiveCfg = Debug|Any CPU
		{3D076870-85B2-4431-A29E-5C17557D3AC2}.Debug|Any CPU.Build.0 = Debug|Any CPU
		{3D076870-85B2-4431-A29E-5C17557D3AC2}.Release|Any CPU.ActiveCfg = Release|Any CPU
		{3D076870-85B2-4431-A29E-5C17557D3AC2}.Release|Any CPU.Build.0 = Release|Any CPU
		{FB01F0AD-2777-4A87-A289-C266CA549964}.Debug|Any CPU.ActiveCfg = Debug|Any CPU
		{FB01F0AD-2777-4A87-A289-C266CA549964}.Debug|Any CPU.Build.0 = Debug|Any CPU
		{FB01F0AD-2777-4A87-A289-C266CA549964}.Release|Any CPU.ActiveCfg = Release|Any CPU
		{FB01F0AD-2777-4A87-A289-C266CA549964}.Release|Any CPU.Build.0 = Release|Any CPU
		{8024C386-833B-4A48-A67E-DD7D32A574AD}.Debug|Any CPU.ActiveCfg = Debug|Any CPU
		{8024C386-833B-4A48-A67E-DD7D32A574AD}.Debug|Any CPU.Build.0 = Debug|Any CPU
		{8024C386-833B-4A48-A67E-DD7D32A574AD}.Release|Any CPU.ActiveCfg = Release|Any CPU
		{8024C386-833B-4A48-A67E-DD7D32A574AD}.Release|Any CPU.Build.0 = Release|Any CPU
		{97B8FF48-847B-4D97-809B-6D34CBE41929}.Debug|Any CPU.ActiveCfg = Debug|Any CPU
		{97B8FF48-847B-4D97-809B-6D34CBE41929}.Debug|Any CPU.Build.0 = Debug|Any CPU
		{97B8FF48-847B-4D97-809B-6D34CBE41929}.Release|Any CPU.ActiveCfg = Release|Any CPU
		{97B8FF48-847B-4D97-809B-6D34CBE41929}.Release|Any CPU.Build.0 = Release|Any CPU
		{36F3322E-6746-4790-BA64-62F240ECE177}.Debug|Any CPU.ActiveCfg = Debug|Any CPU
		{36F3322E-6746-4790-BA64-62F240ECE177}.Debug|Any CPU.Build.0 = Debug|Any CPU
		{36F3322E-6746-4790-BA64-62F240ECE177}.Release|Any CPU.ActiveCfg = Release|Any CPU
		{36F3322E-6746-4790-BA64-62F240ECE177}.Release|Any CPU.Build.0 = Release|Any CPU
		{EE81616C-14FD-44D4-AA20-EA9C4772AF13}.Debug|Any CPU.ActiveCfg = Debug|Any CPU
		{EE81616C-14FD-44D4-AA20-EA9C4772AF13}.Debug|Any CPU.Build.0 = Debug|Any CPU
		{EE81616C-14FD-44D4-AA20-EA9C4772AF13}.Release|Any CPU.ActiveCfg = Release|Any CPU
		{EE81616C-14FD-44D4-AA20-EA9C4772AF13}.Release|Any CPU.Build.0 = Release|Any CPU
		{8E4811EE-C2A8-4AF9-9663-7492133797CD}.Debug|Any CPU.ActiveCfg = Debug|Any CPU
		{8E4811EE-C2A8-4AF9-9663-7492133797CD}.Debug|Any CPU.Build.0 = Debug|Any CPU
		{8E4811EE-C2A8-4AF9-9663-7492133797CD}.Release|Any CPU.ActiveCfg = Release|Any CPU
		{8E4811EE-C2A8-4AF9-9663-7492133797CD}.Release|Any CPU.Build.0 = Release|Any CPU
	EndGlobalSection
	GlobalSection(SolutionProperties) = preSolution
		HideSolutionNode = FALSE
	EndGlobalSection
	GlobalSection(ExtensibilityGlobals) = postSolution
		SolutionGuid = {6DD52FA2-8B7C-45C7-9C28-A965F72EDF3B}
	EndGlobalSection
EndGlobal
